
Microsoft Visual Studio Solution File, Format Version 12.00
# Visual Studio Version 17
VisualStudioVersion = 17.0.31903.59
MinimumVisualStudioVersion = 10.0.40219.1
Project("{2150E333-8FDC-42A3-9474-1A3956D46DE8}") = "src", "src", "{97AC4563-3755-4AD7-A59E-88175E03B7D2}"
EndProject
Project("{FAE04EC0-301F-11D3-BF4B-00C04F79EFBC}") = "AuctionService", "src\AuctionService\AuctionService.csproj", "{88AFF4F0-5542-43FC-8E9C-0FAE29662414}"
EndProject
Project("{FAE04EC0-301F-11D3-BF4B-00C04F79EFBC}") = "SearchService", "src\SearchService\SearchService.csproj", "{23F1B369-9842-45A6-ACD9-4729CDFD1507}"
EndProject
Project("{FAE04EC0-301F-11D3-BF4B-00C04F79EFBC}") = "Contracts", "src\Contracts\Contracts.csproj", "{DFF25D22-79DA-4E74-8D8F-D6913FB493B6}"
EndProject
Global
	GlobalSection(SolutionConfigurationPlatforms) = preSolution
		Debug|Any CPU = Debug|Any CPU
		Release|Any CPU = Release|Any CPU
	EndGlobalSection
	GlobalSection(SolutionProperties) = preSolution
		HideSolutionNode = FALSE
	EndGlobalSection
	GlobalSection(ProjectConfigurationPlatforms) = postSolution
		{88AFF4F0-5542-43FC-8E9C-0FAE29662414}.Debug|Any CPU.ActiveCfg = Debug|Any CPU
		{88AFF4F0-5542-43FC-8E9C-0FAE29662414}.Debug|Any CPU.Build.0 = Debug|Any CPU
		{88AFF4F0-5542-43FC-8E9C-0FAE29662414}.Release|Any CPU.ActiveCfg = Release|Any CPU
		{88AFF4F0-5542-43FC-8E9C-0FAE29662414}.Release|Any CPU.Build.0 = Release|Any CPU
		{23F1B369-9842-45A6-ACD9-4729CDFD1507}.Debug|Any CPU.ActiveCfg = Debug|Any CPU
		{23F1B369-9842-45A6-ACD9-4729CDFD1507}.Debug|Any CPU.Build.0 = Debug|Any CPU
		{23F1B369-9842-45A6-ACD9-4729CDFD1507}.Release|Any CPU.ActiveCfg = Release|Any CPU
		{23F1B369-9842-45A6-ACD9-4729CDFD1507}.Release|Any CPU.Build.0 = Release|Any CPU
		{DFF25D22-79DA-4E74-8D8F-D6913FB493B6}.Debug|Any CPU.ActiveCfg = Debug|Any CPU
		{DFF25D22-79DA-4E74-8D8F-D6913FB493B6}.Debug|Any CPU.Build.0 = Debug|Any CPU
		{DFF25D22-79DA-4E74-8D8F-D6913FB493B6}.Release|Any CPU.ActiveCfg = Release|Any CPU
		{DFF25D22-79DA-4E74-8D8F-D6913FB493B6}.Release|Any CPU.Build.0 = Release|Any CPU
	EndGlobalSection
	GlobalSection(NestedProjects) = preSolution
		{88AFF4F0-5542-43FC-8E9C-0FAE29662414} = {97AC4563-3755-4AD7-A59E-88175E03B7D2}
		{23F1B369-9842-45A6-ACD9-4729CDFD1507} = {97AC4563-3755-4AD7-A59E-88175E03B7D2}
		{DFF25D22-79DA-4E74-8D8F-D6913FB493B6} = {97AC4563-3755-4AD7-A59E-88175E03B7D2}
	EndGlobalSection
EndGlobal
